
Microsoft Visual Studio Solution File, Format Version 12.00
# Visual Studio Version 17
VisualStudioVersion = 17.13.35919.96 d17.13
MinimumVisualStudioVersion = 10.0.40219.1
Project("{FAE04EC0-301F-11D3-BF4B-00C04F79EFBC}") = "crud", "crud\crud.csproj", "{D446FF44-424F-4DD1-8065-3B297369EEE3}"
EndProject
Global
	GlobalSection(SolutionConfigurationPlatforms) = preSolution
		Debug|Any CPU = Debug|Any CPU
		Release|Any CPU = Release|Any CPU
	EndGlobalSection
	GlobalSection(ProjectConfigurationPlatforms) = postSolution
		{D446FF44-424F-4DD1-8065-3B297369EEE3}.Debug|Any CPU.ActiveCfg = Debug|Any CPU
		{D446FF44-424F-4DD1-8065-3B297369EEE3}.Debug|Any CPU.Build.0 = Debug|Any CPU
		{D446FF44-424F-4DD1-8065-3B297369EEE3}.Release|Any CPU.ActiveCfg = Release|Any CPU
		{D446FF44-424F-4DD1-8065-3B297369EEE3}.Release|Any CPU.Build.0 = Release|Any CPU
	EndGlobalSection
	GlobalSection(SolutionProperties) = preSolution
		HideSolutionNode = FALSE
	EndGlobalSection
	GlobalSection(ExtensibilityGlobals) = postSolution
		SolutionGuid = {DA96338C-18A5-491B-A878-12DDDE2D1B9B}
	EndGlobalSection
EndGlobal
